// !$*UTF8*$!
{
	archiveVersion = 1;
	classes = {
	};
	objectVersion = 50;
	objects = {

/* Begin PBXBuildFile section */
		932E3D23228D220700C1F3A9 /* AppDelegate.swift in Sources */ = {isa = PBXBuildFile; fileRef = 932E3D22228D220700C1F3A9 /* AppDelegate.swift */; };
		932E3D25228D220700C1F3A9 /* LoginAndRegisterViewController.swift in Sources */ = {isa = PBXBuildFile; fileRef = 932E3D24228D220700C1F3A9 /* LoginAndRegisterViewController.swift */; };
		932E3D28228D220700C1F3A9 /* Main.storyboard in Resources */ = {isa = PBXBuildFile; fileRef = 932E3D26228D220700C1F3A9 /* Main.storyboard */; };
		932E3D2A228D220900C1F3A9 /* Assets.xcassets in Resources */ = {isa = PBXBuildFile; fileRef = 932E3D29228D220900C1F3A9 /* Assets.xcassets */; };
		932E3D2D228D220900C1F3A9 /* LaunchScreen.storyboard in Resources */ = {isa = PBXBuildFile; fileRef = 932E3D2B228D220900C1F3A9 /* LaunchScreen.storyboard */; };
		932E3D38228D220900C1F3A9 /* CoordinatorExampleTests.swift in Sources */ = {isa = PBXBuildFile; fileRef = 932E3D37228D220900C1F3A9 /* CoordinatorExampleTests.swift */; };
		932E3D43228D220900C1F3A9 /* CoordinatorExampleUITests.swift in Sources */ = {isa = PBXBuildFile; fileRef = 932E3D42228D220900C1F3A9 /* CoordinatorExampleUITests.swift */; };
		932E3D51228D22C600C1F3A9 /* Coordinator.swift in Sources */ = {isa = PBXBuildFile; fileRef = 932E3D50228D22C600C1F3A9 /* Coordinator.swift */; };
		932E3D54228D231E00C1F3A9 /* AppCoordinator.swift in Sources */ = {isa = PBXBuildFile; fileRef = 932E3D53228D231E00C1F3A9 /* AppCoordinator.swift */; };
		932E3D56228D239500C1F3A9 /* Storyboarded.swift in Sources */ = {isa = PBXBuildFile; fileRef = 932E3D55228D239500C1F3A9 /* Storyboarded.swift */; };
		932E3D5C228D256C00C1F3A9 /* NormalViewController.swift in Sources */ = {isa = PBXBuildFile; fileRef = 932E3D5B228D256C00C1F3A9 /* NormalViewController.swift */; };
		932E3D5F228D3D1600C1F3A9 /* LoginAndRegisterViewModel.swift in Sources */ = {isa = PBXBuildFile; fileRef = 932E3D5E228D3D1600C1F3A9 /* LoginAndRegisterViewModel.swift */; };
		932E3D63228D40BD00C1F3A9 /* LoginAndRegisterModel.swift in Sources */ = {isa = PBXBuildFile; fileRef = 932E3D62228D40BD00C1F3A9 /* LoginAndRegisterModel.swift */; };
		932E3D65228D41A600C1F3A9 /* CELoginViewModel.swift in Sources */ = {isa = PBXBuildFile; fileRef = 932E3D64228D41A600C1F3A9 /* CELoginViewModel.swift */; };
		932E3D67228D572000C1F3A9 /* CELoginModel.swift in Sources */ = {isa = PBXBuildFile; fileRef = 932E3D66228D572000C1F3A9 /* CELoginModel.swift */; };
		932E3D69228D5B5F00C1F3A9 /* LoginAndRegisterCoordinator.swift in Sources */ = {isa = PBXBuildFile; fileRef = 932E3D68228D5B5F00C1F3A9 /* LoginAndRegisterCoordinator.swift */; };
		932E3D78228DB66E00C1F3A9 /* MainTabbarController.swift in Sources */ = {isa = PBXBuildFile; fileRef = 932E3D77228DB66E00C1F3A9 /* MainTabbarController.swift */; };
		932E3D7A228DC85E00C1F3A9 /* NoramlMainCoordinator.swift in Sources */ = {isa = PBXBuildFile; fileRef = 932E3D79228DC85E00C1F3A9 /* NoramlMainCoordinator.swift */; };
		932E3D7C228DC88C00C1F3A9 /* NormalCoordinator.swift in Sources */ = {isa = PBXBuildFile; fileRef = 932E3D7B228DC88C00C1F3A9 /* NormalCoordinator.swift */; };
		932E3D7E228DC94E00C1F3A9 /* NormalModel.swift in Sources */ = {isa = PBXBuildFile; fileRef = 932E3D7D228DC94E00C1F3A9 /* NormalModel.swift */; };
		932E3D80228DC97F00C1F3A9 /* CENormalModel.swift in Sources */ = {isa = PBXBuildFile; fileRef = 932E3D7F228DC97F00C1F3A9 /* CENormalModel.swift */; };
		932E3D82228DC9C300C1F3A9 /* NormalViewModel.swift in Sources */ = {isa = PBXBuildFile; fileRef = 932E3D81228DC9C300C1F3A9 /* NormalViewModel.swift */; };
		932E3D84228DCA7800C1F3A9 /* CENormalViewModel.swift in Sources */ = {isa = PBXBuildFile; fileRef = 932E3D83228DCA7800C1F3A9 /* CENormalViewModel.swift */; };
		932E3D87228E96AD00C1F3A9 /* Friend.swift in Sources */ = {isa = PBXBuildFile; fileRef = 932E3D86228E96AD00C1F3A9 /* Friend.swift */; };
		932E3D89228E973500C1F3A9 /* FriendListTableViewController.swift in Sources */ = {isa = PBXBuildFile; fileRef = 932E3D88228E973500C1F3A9 /* FriendListTableViewController.swift */; };
		932E3D8B228E995F00C1F3A9 /* friends.json in Resources */ = {isa = PBXBuildFile; fileRef = 932E3D8A228E995F00C1F3A9 /* friends.json */; };
		932E3D8D228E9C0000C1F3A9 /* FriendListViewModel.swift in Sources */ = {isa = PBXBuildFile; fileRef = 932E3D8C228E9C0000C1F3A9 /* FriendListViewModel.swift */; };
		932E3D8F228E9C9000C1F3A9 /* FriendListModel.swift in Sources */ = {isa = PBXBuildFile; fileRef = 932E3D8E228E9C9000C1F3A9 /* FriendListModel.swift */; };
		932E3D91228E9CD200C1F3A9 /* CEFriendListModel.swift in Sources */ = {isa = PBXBuildFile; fileRef = 932E3D90228E9CD200C1F3A9 /* CEFriendListModel.swift */; };
		932E3D93228E9DC000C1F3A9 /* CEFriendListViewModel.swift in Sources */ = {isa = PBXBuildFile; fileRef = 932E3D92228E9DC000C1F3A9 /* CEFriendListViewModel.swift */; };
		932E3D95228EA10900C1F3A9 /* FriendListCoordinator.swift in Sources */ = {isa = PBXBuildFile; fileRef = 932E3D94228EA10900C1F3A9 /* FriendListCoordinator.swift */; };
		932E3D97228EB30D00C1F3A9 /* FriendDetailViewController.swift in Sources */ = {isa = PBXBuildFile; fileRef = 932E3D96228EB30D00C1F3A9 /* FriendDetailViewController.swift */; };
		932E3D99228EB41900C1F3A9 /* FriendDetailCoordinator.swift in Sources */ = {isa = PBXBuildFile; fileRef = 932E3D98228EB41900C1F3A9 /* FriendDetailCoordinator.swift */; };
		932E3D9B228EB43E00C1F3A9 /* FriendDetailModel.swift in Sources */ = {isa = PBXBuildFile; fileRef = 932E3D9A228EB43E00C1F3A9 /* FriendDetailModel.swift */; };
		932E3D9D228EB51D00C1F3A9 /* CEFriendDetailModel.swift in Sources */ = {isa = PBXBuildFile; fileRef = 932E3D9C228EB51D00C1F3A9 /* CEFriendDetailModel.swift */; };
		932E3D9F228EB56000C1F3A9 /* FriendDetailViewModel.swift in Sources */ = {isa = PBXBuildFile; fileRef = 932E3D9E228EB56000C1F3A9 /* FriendDetailViewModel.swift */; };
		932E3DA1228EB70700C1F3A9 /* CEFriendDetailViewModel.swift in Sources */ = {isa = PBXBuildFile; fileRef = 932E3DA0228EB70700C1F3A9 /* CEFriendDetailViewModel.swift */; };
		932E3DA5228F294B00C1F3A9 /* AppManager.swift in Sources */ = {isa = PBXBuildFile; fileRef = 932E3DA4228F294B00C1F3A9 /* AppManager.swift */; };
		932E3DA9228F29AB00C1F3A9 /* LocalDataService.swift in Sources */ = {isa = PBXBuildFile; fileRef = 932E3DA8228F29AB00C1F3A9 /* LocalDataService.swift */; };
		932E3DAC228F2FD500C1F3A9 /* NotificationName.swift in Sources */ = {isa = PBXBuildFile; fileRef = 932E3DAB228F2FD500C1F3A9 /* NotificationName.swift */; };
		93F8C3FA2291706100ABB0FA /* CERegisterViewModel.swift in Sources */ = {isa = PBXBuildFile; fileRef = 93F8C3F92291706100ABB0FA /* CERegisterViewModel.swift */; };
		93F8C3FE2291712700ABB0FA /* CERegisterModel.swift in Sources */ = {isa = PBXBuildFile; fileRef = 93F8C3FD2291712700ABB0FA /* CERegisterModel.swift */; };
		93F8C4002291721000ABB0FA /* User.swift in Sources */ = {isa = PBXBuildFile; fileRef = 93F8C3FF2291721000ABB0FA /* User.swift */; };
/* End PBXBuildFile section */

/* Begin PBXContainerItemProxy section */
		932E3D34228D220900C1F3A9 /* PBXContainerItemProxy */ = {
			isa = PBXContainerItemProxy;
			containerPortal = 932E3D17228D220700C1F3A9 /* Project object */;
			proxyType = 1;
			remoteGlobalIDString = 932E3D1E228D220700C1F3A9;
			remoteInfo = CoordinatorExample;
		};
		932E3D3F228D220900C1F3A9 /* PBXContainerItemProxy */ = {
			isa = PBXContainerItemProxy;
			containerPortal = 932E3D17228D220700C1F3A9 /* Project object */;
			proxyType = 1;
			remoteGlobalIDString = 932E3D1E228D220700C1F3A9;
			remoteInfo = CoordinatorExample;
		};
/* End PBXContainerItemProxy section */

/* Begin PBXFileReference section */
		932E3D1F228D220700C1F3A9 /* CoordinatorExample.app */ = {isa = PBXFileReference; explicitFileType = wrapper.application; includeInIndex = 0; path = CoordinatorExample.app; sourceTree = BUILT_PRODUCTS_DIR; };
		932E3D22228D220700C1F3A9 /* AppDelegate.swift */ = {isa = PBXFileReference; lastKnownFileType = sourcecode.swift; path = AppDelegate.swift; sourceTree = "<group>"; };
		932E3D24228D220700C1F3A9 /* LoginAndRegisterViewController.swift */ = {isa = PBXFileReference; lastKnownFileType = sourcecode.swift; path = LoginAndRegisterViewController.swift; sourceTree = "<group>"; };
		932E3D27228D220700C1F3A9 /* Base */ = {isa = PBXFileReference; lastKnownFileType = file.storyboard; name = Base; path = Base.lproj/Main.storyboard; sourceTree = "<group>"; };
		932E3D29228D220900C1F3A9 /* Assets.xcassets */ = {isa = PBXFileReference; lastKnownFileType = folder.assetcatalog; path = Assets.xcassets; sourceTree = "<group>"; };
		932E3D2C228D220900C1F3A9 /* Base */ = {isa = PBXFileReference; lastKnownFileType = file.storyboard; name = Base; path = Base.lproj/LaunchScreen.storyboard; sourceTree = "<group>"; };
		932E3D2E228D220900C1F3A9 /* Info.plist */ = {isa = PBXFileReference; lastKnownFileType = text.plist.xml; path = Info.plist; sourceTree = "<group>"; };
		932E3D33228D220900C1F3A9 /* CoordinatorExampleTests.xctest */ = {isa = PBXFileReference; explicitFileType = wrapper.cfbundle; includeInIndex = 0; path = CoordinatorExampleTests.xctest; sourceTree = BUILT_PRODUCTS_DIR; };
		932E3D37228D220900C1F3A9 /* CoordinatorExampleTests.swift */ = {isa = PBXFileReference; lastKnownFileType = sourcecode.swift; path = CoordinatorExampleTests.swift; sourceTree = "<group>"; };
		932E3D39228D220900C1F3A9 /* Info.plist */ = {isa = PBXFileReference; lastKnownFileType = text.plist.xml; path = Info.plist; sourceTree = "<group>"; };
		932E3D3E228D220900C1F3A9 /* CoordinatorExampleUITests.xctest */ = {isa = PBXFileReference; explicitFileType = wrapper.cfbundle; includeInIndex = 0; path = CoordinatorExampleUITests.xctest; sourceTree = BUILT_PRODUCTS_DIR; };
		932E3D42228D220900C1F3A9 /* CoordinatorExampleUITests.swift */ = {isa = PBXFileReference; lastKnownFileType = sourcecode.swift; path = CoordinatorExampleUITests.swift; sourceTree = "<group>"; };
		932E3D44228D220900C1F3A9 /* Info.plist */ = {isa = PBXFileReference; lastKnownFileType = text.plist.xml; path = Info.plist; sourceTree = "<group>"; };
		932E3D50228D22C600C1F3A9 /* Coordinator.swift */ = {isa = PBXFileReference; lastKnownFileType = sourcecode.swift; path = Coordinator.swift; sourceTree = "<group>"; };
		932E3D53228D231E00C1F3A9 /* AppCoordinator.swift */ = {isa = PBXFileReference; lastKnownFileType = sourcecode.swift; path = AppCoordinator.swift; sourceTree = "<group>"; };
		932E3D55228D239500C1F3A9 /* Storyboarded.swift */ = {isa = PBXFileReference; lastKnownFileType = sourcecode.swift; path = Storyboarded.swift; sourceTree = "<group>"; };
		932E3D5B228D256C00C1F3A9 /* NormalViewController.swift */ = {isa = PBXFileReference; lastKnownFileType = sourcecode.swift; path = NormalViewController.swift; sourceTree = "<group>"; };
		932E3D5E228D3D1600C1F3A9 /* LoginAndRegisterViewModel.swift */ = {isa = PBXFileReference; lastKnownFileType = sourcecode.swift; path = LoginAndRegisterViewModel.swift; sourceTree = "<group>"; };
		932E3D62228D40BD00C1F3A9 /* LoginAndRegisterModel.swift */ = {isa = PBXFileReference; lastKnownFileType = sourcecode.swift; path = LoginAndRegisterModel.swift; sourceTree = "<group>"; };
		932E3D64228D41A600C1F3A9 /* CELoginViewModel.swift */ = {isa = PBXFileReference; lastKnownFileType = sourcecode.swift; path = CELoginViewModel.swift; sourceTree = "<group>"; };
		932E3D66228D572000C1F3A9 /* CELoginModel.swift */ = {isa = PBXFileReference; lastKnownFileType = sourcecode.swift; path = CELoginModel.swift; sourceTree = "<group>"; };
		932E3D68228D5B5F00C1F3A9 /* LoginAndRegisterCoordinator.swift */ = {isa = PBXFileReference; lastKnownFileType = sourcecode.swift; path = LoginAndRegisterCoordinator.swift; sourceTree = "<group>"; };
		932E3D77228DB66E00C1F3A9 /* MainTabbarController.swift */ = {isa = PBXFileReference; lastKnownFileType = sourcecode.swift; path = MainTabbarController.swift; sourceTree = "<group>"; };
		932E3D79228DC85E00C1F3A9 /* NoramlMainCoordinator.swift */ = {isa = PBXFileReference; lastKnownFileType = sourcecode.swift; path = NoramlMainCoordinator.swift; sourceTree = "<group>"; };
		932E3D7B228DC88C00C1F3A9 /* NormalCoordinator.swift */ = {isa = PBXFileReference; lastKnownFileType = sourcecode.swift; path = NormalCoordinator.swift; sourceTree = "<group>"; };
		932E3D7D228DC94E00C1F3A9 /* NormalModel.swift */ = {isa = PBXFileReference; lastKnownFileType = sourcecode.swift; path = NormalModel.swift; sourceTree = "<group>"; };
		932E3D7F228DC97F00C1F3A9 /* CENormalModel.swift */ = {isa = PBXFileReference; lastKnownFileType = sourcecode.swift; path = CENormalModel.swift; sourceTree = "<group>"; };
		932E3D81228DC9C300C1F3A9 /* NormalViewModel.swift */ = {isa = PBXFileReference; lastKnownFileType = sourcecode.swift; path = NormalViewModel.swift; sourceTree = "<group>"; };
		932E3D83228DCA7800C1F3A9 /* CENormalViewModel.swift */ = {isa = PBXFileReference; lastKnownFileType = sourcecode.swift; path = CENormalViewModel.swift; sourceTree = "<group>"; };
		932E3D86228E96AD00C1F3A9 /* Friend.swift */ = {isa = PBXFileReference; lastKnownFileType = sourcecode.swift; path = Friend.swift; sourceTree = "<group>"; };
		932E3D88228E973500C1F3A9 /* FriendListTableViewController.swift */ = {isa = PBXFileReference; lastKnownFileType = sourcecode.swift; path = FriendListTableViewController.swift; sourceTree = "<group>"; };
		932E3D8A228E995F00C1F3A9 /* friends.json */ = {isa = PBXFileReference; lastKnownFileType = text.json; path = friends.json; sourceTree = "<group>"; };
		932E3D8C228E9C0000C1F3A9 /* FriendListViewModel.swift */ = {isa = PBXFileReference; lastKnownFileType = sourcecode.swift; path = FriendListViewModel.swift; sourceTree = "<group>"; };
		932E3D8E228E9C9000C1F3A9 /* FriendListModel.swift */ = {isa = PBXFileReference; lastKnownFileType = sourcecode.swift; path = FriendListModel.swift; sourceTree = "<group>"; };
		932E3D90228E9CD200C1F3A9 /* CEFriendListModel.swift */ = {isa = PBXFileReference; lastKnownFileType = sourcecode.swift; path = CEFriendListModel.swift; sourceTree = "<group>"; };
		932E3D92228E9DC000C1F3A9 /* CEFriendListViewModel.swift */ = {isa = PBXFileReference; lastKnownFileType = sourcecode.swift; path = CEFriendListViewModel.swift; sourceTree = "<group>"; };
		932E3D94228EA10900C1F3A9 /* FriendListCoordinator.swift */ = {isa = PBXFileReference; lastKnownFileType = sourcecode.swift; path = FriendListCoordinator.swift; sourceTree = "<group>"; };
		932E3D96228EB30D00C1F3A9 /* FriendDetailViewController.swift */ = {isa = PBXFileReference; lastKnownFileType = sourcecode.swift; path = FriendDetailViewController.swift; sourceTree = "<group>"; };
		932E3D98228EB41900C1F3A9 /* FriendDetailCoordinator.swift */ = {isa = PBXFileReference; lastKnownFileType = sourcecode.swift; path = FriendDetailCoordinator.swift; sourceTree = "<group>"; };
		932E3D9A228EB43E00C1F3A9 /* FriendDetailModel.swift */ = {isa = PBXFileReference; lastKnownFileType = sourcecode.swift; path = FriendDetailModel.swift; sourceTree = "<group>"; };
		932E3D9C228EB51D00C1F3A9 /* CEFriendDetailModel.swift */ = {isa = PBXFileReference; lastKnownFileType = sourcecode.swift; path = CEFriendDetailModel.swift; sourceTree = "<group>"; };
		932E3D9E228EB56000C1F3A9 /* FriendDetailViewModel.swift */ = {isa = PBXFileReference; lastKnownFileType = sourcecode.swift; path = FriendDetailViewModel.swift; sourceTree = "<group>"; };
		932E3DA0228EB70700C1F3A9 /* CEFriendDetailViewModel.swift */ = {isa = PBXFileReference; lastKnownFileType = sourcecode.swift; path = CEFriendDetailViewModel.swift; sourceTree = "<group>"; };
		932E3DA4228F294B00C1F3A9 /* AppManager.swift */ = {isa = PBXFileReference; lastKnownFileType = sourcecode.swift; path = AppManager.swift; sourceTree = "<group>"; };
		932E3DA8228F29AB00C1F3A9 /* LocalDataService.swift */ = {isa = PBXFileReference; lastKnownFileType = sourcecode.swift; path = LocalDataService.swift; sourceTree = "<group>"; };
		932E3DAB228F2FD500C1F3A9 /* NotificationName.swift */ = {isa = PBXFileReference; lastKnownFileType = sourcecode.swift; path = NotificationName.swift; sourceTree = "<group>"; };
		93F8C3F92291706100ABB0FA /* CERegisterViewModel.swift */ = {isa = PBXFileReference; lastKnownFileType = sourcecode.swift; path = CERegisterViewModel.swift; sourceTree = "<group>"; };
		93F8C3FD2291712700ABB0FA /* CERegisterModel.swift */ = {isa = PBXFileReference; lastKnownFileType = sourcecode.swift; path = CERegisterModel.swift; sourceTree = "<group>"; };
		93F8C3FF2291721000ABB0FA /* User.swift */ = {isa = PBXFileReference; lastKnownFileType = sourcecode.swift; path = User.swift; sourceTree = "<group>"; };
/* End PBXFileReference section */

/* Begin PBXFrameworksBuildPhase section */
		932E3D1C228D220700C1F3A9 /* Frameworks */ = {
			isa = PBXFrameworksBuildPhase;
			buildActionMask = 2147483647;
			files = (
			);
			runOnlyForDeploymentPostprocessing = 0;
		};
		932E3D30228D220900C1F3A9 /* Frameworks */ = {
			isa = PBXFrameworksBuildPhase;
			buildActionMask = 2147483647;
			files = (
			);
			runOnlyForDeploymentPostprocessing = 0;
		};
		932E3D3B228D220900C1F3A9 /* Frameworks */ = {
			isa = PBXFrameworksBuildPhase;
			buildActionMask = 2147483647;
			files = (
			);
			runOnlyForDeploymentPostprocessing = 0;
		};
/* End PBXFrameworksBuildPhase section */

/* Begin PBXGroup section */
		932E3D16228D220700C1F3A9 = {
			isa = PBXGroup;
			children = (
				932E3D21228D220700C1F3A9 /* CoordinatorExample */,
				932E3D36228D220900C1F3A9 /* CoordinatorExampleTests */,
				932E3D41228D220900C1F3A9 /* CoordinatorExampleUITests */,
				932E3D20228D220700C1F3A9 /* Products */,
			);
			sourceTree = "<group>";
		};
		932E3D20228D220700C1F3A9 /* Products */ = {
			isa = PBXGroup;
			children = (
				932E3D1F228D220700C1F3A9 /* CoordinatorExample.app */,
				932E3D33228D220900C1F3A9 /* CoordinatorExampleTests.xctest */,
				932E3D3E228D220900C1F3A9 /* CoordinatorExampleUITests.xctest */,
			);
			name = Products;
			sourceTree = "<group>";
		};
		932E3D21228D220700C1F3A9 /* CoordinatorExample */ = {
			isa = PBXGroup;
			children = (
				932E3DAA228F2FC600C1F3A9 /* Notification */,
				932E3DA7228F299A00C1F3A9 /* Service */,
				932E3DA3228F293B00C1F3A9 /* Singleton */,
				932E3D76228DB64D00C1F3A9 /* Tabbar */,
				932E3D60228D409400C1F3A9 /* Model */,
				932E3D58228D24C900C1F3A9 /* ViewModel */,
				932E3D57228D24BF00C1F3A9 /* View */,
				932E3D52228D230000C1F3A9 /* Coordinators */,
				932E3D22228D220700C1F3A9 /* AppDelegate.swift */,
				932E3D26228D220700C1F3A9 /* Main.storyboard */,
				932E3D8A228E995F00C1F3A9 /* friends.json */,
				932E3D55228D239500C1F3A9 /* Storyboarded.swift */,
				932E3D29228D220900C1F3A9 /* Assets.xcassets */,
				932E3D2B228D220900C1F3A9 /* LaunchScreen.storyboard */,
				932E3D2E228D220900C1F3A9 /* Info.plist */,
			);
			path = CoordinatorExample;
			sourceTree = "<group>";
		};
		932E3D36228D220900C1F3A9 /* CoordinatorExampleTests */ = {
			isa = PBXGroup;
			children = (
				932E3D37228D220900C1F3A9 /* CoordinatorExampleTests.swift */,
				932E3D39228D220900C1F3A9 /* Info.plist */,
			);
			path = CoordinatorExampleTests;
			sourceTree = "<group>";
		};
		932E3D41228D220900C1F3A9 /* CoordinatorExampleUITests */ = {
			isa = PBXGroup;
			children = (
				932E3D42228D220900C1F3A9 /* CoordinatorExampleUITests.swift */,
				932E3D44228D220900C1F3A9 /* Info.plist */,
			);
			path = CoordinatorExampleUITests;
			sourceTree = "<group>";
		};
		932E3D52228D230000C1F3A9 /* Coordinators */ = {
			isa = PBXGroup;
			children = (
				932E3D50228D22C600C1F3A9 /* Coordinator.swift */,
				932E3D53228D231E00C1F3A9 /* AppCoordinator.swift */,
				932E3D68228D5B5F00C1F3A9 /* LoginAndRegisterCoordinator.swift */,
				932E3D7B228DC88C00C1F3A9 /* NormalCoordinator.swift */,
				932E3D79228DC85E00C1F3A9 /* NoramlMainCoordinator.swift */,
				932E3D94228EA10900C1F3A9 /* FriendListCoordinator.swift */,
				932E3D98228EB41900C1F3A9 /* FriendDetailCoordinator.swift */,
			);
			path = Coordinators;
			sourceTree = "<group>";
		};
		932E3D57228D24BF00C1F3A9 /* View */ = {
			isa = PBXGroup;
			children = (
				932E3D24228D220700C1F3A9 /* LoginAndRegisterViewController.swift */,
				932E3D5B228D256C00C1F3A9 /* NormalViewController.swift */,
				932E3D88228E973500C1F3A9 /* FriendListTableViewController.swift */,
				932E3D96228EB30D00C1F3A9 /* FriendDetailViewController.swift */,
			);
			path = View;
			sourceTree = "<group>";
		};
		932E3D58228D24C900C1F3A9 /* ViewModel */ = {
			isa = PBXGroup;
			children = (
				932E3D5D228D3BDF00C1F3A9 /* Protocols */,
				932E3D64228D41A600C1F3A9 /* CELoginViewModel.swift */,
				93F8C3F92291706100ABB0FA /* CERegisterViewModel.swift */,
				932E3D83228DCA7800C1F3A9 /* CENormalViewModel.swift */,
				932E3D92228E9DC000C1F3A9 /* CEFriendListViewModel.swift */,
				932E3DA0228EB70700C1F3A9 /* CEFriendDetailViewModel.swift */,
			);
			path = ViewModel;
			sourceTree = "<group>";
		};
		932E3D5D228D3BDF00C1F3A9 /* Protocols */ = {
			isa = PBXGroup;
			children = (
				932E3D5E228D3D1600C1F3A9 /* LoginAndRegisterViewModel.swift */,
				932E3D81228DC9C300C1F3A9 /* NormalViewModel.swift */,
				932E3D8C228E9C0000C1F3A9 /* FriendListViewModel.swift */,
				932E3D9E228EB56000C1F3A9 /* FriendDetailViewModel.swift */,
			);
			path = Protocols;
			sourceTree = "<group>";
		};
		932E3D60228D409400C1F3A9 /* Model */ = {
			isa = PBXGroup;
			children = (
				932E3D85228E968D00C1F3A9 /* Data Structure */,
				932E3D61228D409E00C1F3A9 /* Protocols */,
				932E3D66228D572000C1F3A9 /* CELoginModel.swift */,
				93F8C3FD2291712700ABB0FA /* CERegisterModel.swift */,
				932E3D7F228DC97F00C1F3A9 /* CENormalModel.swift */,
				932E3D90228E9CD200C1F3A9 /* CEFriendListModel.swift */,
				932E3D9C228EB51D00C1F3A9 /* CEFriendDetailModel.swift */,
			);
			path = Model;
			sourceTree = "<group>";
		};
		932E3D61228D409E00C1F3A9 /* Protocols */ = {
			isa = PBXGroup;
			children = (
				932E3D62228D40BD00C1F3A9 /* LoginAndRegisterModel.swift */,
				932E3D7D228DC94E00C1F3A9 /* NormalModel.swift */,
				932E3D8E228E9C9000C1F3A9 /* FriendListModel.swift */,
				932E3D9A228EB43E00C1F3A9 /* FriendDetailModel.swift */,
			);
			path = Protocols;
			sourceTree = "<group>";
		};
		932E3D76228DB64D00C1F3A9 /* Tabbar */ = {
			isa = PBXGroup;
			children = (
				932E3D77228DB66E00C1F3A9 /* MainTabbarController.swift */,
			);
			path = Tabbar;
			sourceTree = "<group>";
		};
		932E3D85228E968D00C1F3A9 /* Data Structure */ = {
			isa = PBXGroup;
			children = (
				932E3D86228E96AD00C1F3A9 /* Friend.swift */,
				93F8C3FF2291721000ABB0FA /* User.swift */,
			);
			path = "Data Structure";
			sourceTree = "<group>";
		};
		932E3DA3228F293B00C1F3A9 /* Singleton */ = {
			isa = PBXGroup;
			children = (
				932E3DA4228F294B00C1F3A9 /* AppManager.swift */,
			);
			path = Singleton;
			sourceTree = "<group>";
		};
		932E3DA7228F299A00C1F3A9 /* Service */ = {
			isa = PBXGroup;
			children = (
				932E3DA8228F29AB00C1F3A9 /* LocalDataService.swift */,
			);
			path = Service;
			sourceTree = "<group>";
		};
		932E3DAA228F2FC600C1F3A9 /* Notification */ = {
			isa = PBXGroup;
			children = (
				932E3DAB228F2FD500C1F3A9 /* NotificationName.swift */,
			);
			path = Notification;
			sourceTree = "<group>";
		};
/* End PBXGroup section */

/* Begin PBXNativeTarget section */
		932E3D1E228D220700C1F3A9 /* CoordinatorExample */ = {
			isa = PBXNativeTarget;
			buildConfigurationList = 932E3D47228D220900C1F3A9 /* Build configuration list for PBXNativeTarget "CoordinatorExample" */;
			buildPhases = (
				932E3D1B228D220700C1F3A9 /* Sources */,
				932E3D1C228D220700C1F3A9 /* Frameworks */,
				932E3D1D228D220700C1F3A9 /* Resources */,
			);
			buildRules = (
			);
			dependencies = (
			);
			name = CoordinatorExample;
			productName = CoordinatorExample;
			productReference = 932E3D1F228D220700C1F3A9 /* CoordinatorExample.app */;
			productType = "com.apple.product-type.application";
		};
		932E3D32228D220900C1F3A9 /* CoordinatorExampleTests */ = {
			isa = PBXNativeTarget;
			buildConfigurationList = 932E3D4A228D220900C1F3A9 /* Build configuration list for PBXNativeTarget "CoordinatorExampleTests" */;
			buildPhases = (
				932E3D2F228D220900C1F3A9 /* Sources */,
				932E3D30228D220900C1F3A9 /* Frameworks */,
				932E3D31228D220900C1F3A9 /* Resources */,
			);
			buildRules = (
			);
			dependencies = (
				932E3D35228D220900C1F3A9 /* PBXTargetDependency */,
			);
			name = CoordinatorExampleTests;
			productName = CoordinatorExampleTests;
			productReference = 932E3D33228D220900C1F3A9 /* CoordinatorExampleTests.xctest */;
			productType = "com.apple.product-type.bundle.unit-test";
		};
		932E3D3D228D220900C1F3A9 /* CoordinatorExampleUITests */ = {
			isa = PBXNativeTarget;
			buildConfigurationList = 932E3D4D228D220900C1F3A9 /* Build configuration list for PBXNativeTarget "CoordinatorExampleUITests" */;
			buildPhases = (
				932E3D3A228D220900C1F3A9 /* Sources */,
				932E3D3B228D220900C1F3A9 /* Frameworks */,
				932E3D3C228D220900C1F3A9 /* Resources */,
			);
			buildRules = (
			);
			dependencies = (
				932E3D40228D220900C1F3A9 /* PBXTargetDependency */,
			);
			name = CoordinatorExampleUITests;
			productName = CoordinatorExampleUITests;
			productReference = 932E3D3E228D220900C1F3A9 /* CoordinatorExampleUITests.xctest */;
			productType = "com.apple.product-type.bundle.ui-testing";
		};
/* End PBXNativeTarget section */

/* Begin PBXProject section */
		932E3D17228D220700C1F3A9 /* Project object */ = {
			isa = PBXProject;
			attributes = {
				LastSwiftUpdateCheck = 1020;
				LastUpgradeCheck = 1020;
				ORGANIZATIONNAME = MS;
				TargetAttributes = {
					932E3D1E228D220700C1F3A9 = {
						CreatedOnToolsVersion = 10.2;
					};
					932E3D32228D220900C1F3A9 = {
						CreatedOnToolsVersion = 10.2;
						TestTargetID = 932E3D1E228D220700C1F3A9;
					};
					932E3D3D228D220900C1F3A9 = {
						CreatedOnToolsVersion = 10.2;
						TestTargetID = 932E3D1E228D220700C1F3A9;
					};
				};
			};
			buildConfigurationList = 932E3D1A228D220700C1F3A9 /* Build configuration list for PBXProject "CoordinatorExample" */;
			compatibilityVersion = "Xcode 9.3";
			developmentRegion = en;
			hasScannedForEncodings = 0;
			knownRegions = (
				en,
				Base,
			);
			mainGroup = 932E3D16228D220700C1F3A9;
			productRefGroup = 932E3D20228D220700C1F3A9 /* Products */;
			projectDirPath = "";
			projectRoot = "";
			targets = (
				932E3D1E228D220700C1F3A9 /* CoordinatorExample */,
				932E3D32228D220900C1F3A9 /* CoordinatorExampleTests */,
				932E3D3D228D220900C1F3A9 /* CoordinatorExampleUITests */,
			);
		};
/* End PBXProject section */

/* Begin PBXResourcesBuildPhase section */
		932E3D1D228D220700C1F3A9 /* Resources */ = {
			isa = PBXResourcesBuildPhase;
			buildActionMask = 2147483647;
			files = (
				932E3D2D228D220900C1F3A9 /* LaunchScreen.storyboard in Resources */,
				932E3D2A228D220900C1F3A9 /* Assets.xcassets in Resources */,
				932E3D28228D220700C1F3A9 /* Main.storyboard in Resources */,
				932E3D8B228E995F00C1F3A9 /* friends.json in Resources */,
			);
			runOnlyForDeploymentPostprocessing = 0;
		};
		932E3D31228D220900C1F3A9 /* Resources */ = {
			isa = PBXResourcesBuildPhase;
			buildActionMask = 2147483647;
			files = (
			);
			runOnlyForDeploymentPostprocessing = 0;
		};
		932E3D3C228D220900C1F3A9 /* Resources */ = {
			isa = PBXResourcesBuildPhase;
			buildActionMask = 2147483647;
			files = (
			);
			runOnlyForDeploymentPostprocessing = 0;
		};
/* End PBXResourcesBuildPhase section */

/* Begin PBXSourcesBuildPhase section */
		932E3D1B228D220700C1F3A9 /* Sources */ = {
			isa = PBXSourcesBuildPhase;
			buildActionMask = 2147483647;
			files = (
				932E3DA1228EB70700C1F3A9 /* CEFriendDetailViewModel.swift in Sources */,
				932E3D9F228EB56000C1F3A9 /* FriendDetailViewModel.swift in Sources */,
				932E3D78228DB66E00C1F3A9 /* MainTabbarController.swift in Sources */,
				932E3D97228EB30D00C1F3A9 /* FriendDetailViewController.swift in Sources */,
				932E3DA5228F294B00C1F3A9 /* AppManager.swift in Sources */,
				932E3DA9228F29AB00C1F3A9 /* LocalDataService.swift in Sources */,
				932E3D9D228EB51D00C1F3A9 /* CEFriendDetailModel.swift in Sources */,
				932E3D89228E973500C1F3A9 /* FriendListTableViewController.swift in Sources */,
				932E3D65228D41A600C1F3A9 /* CELoginViewModel.swift in Sources */,
				932E3D9B228EB43E00C1F3A9 /* FriendDetailModel.swift in Sources */,
				932E3D91228E9CD200C1F3A9 /* CEFriendListModel.swift in Sources */,
				932E3D7A228DC85E00C1F3A9 /* NoramlMainCoordinator.swift in Sources */,
				932E3D82228DC9C300C1F3A9 /* NormalViewModel.swift in Sources */,
				932E3D99228EB41900C1F3A9 /* FriendDetailCoordinator.swift in Sources */,
				932E3D80228DC97F00C1F3A9 /* CENormalModel.swift in Sources */,
				932E3D84228DCA7800C1F3A9 /* CENormalViewModel.swift in Sources */,
				932E3D56228D239500C1F3A9 /* Storyboarded.swift in Sources */,
				932E3D54228D231E00C1F3A9 /* AppCoordinator.swift in Sources */,
				932E3D25228D220700C1F3A9 /* LoginAndRegisterViewController.swift in Sources */,
				932E3D8F228E9C9000C1F3A9 /* FriendListModel.swift in Sources */,
				932E3D95228EA10900C1F3A9 /* FriendListCoordinator.swift in Sources */,
				93F8C4002291721000ABB0FA /* User.swift in Sources */,
				932E3D87228E96AD00C1F3A9 /* Friend.swift in Sources */,
				932E3D67228D572000C1F3A9 /* CELoginModel.swift in Sources */,
				932E3D7C228DC88C00C1F3A9 /* NormalCoordinator.swift in Sources */,
				93F8C3FE2291712700ABB0FA /* CERegisterModel.swift in Sources */,
				932E3DAC228F2FD500C1F3A9 /* NotificationName.swift in Sources */,
				932E3D69228D5B5F00C1F3A9 /* LoginAndRegisterCoordinator.swift in Sources */,
				932E3D63228D40BD00C1F3A9 /* LoginAndRegisterModel.swift in Sources */,
				93F8C3FA2291706100ABB0FA /* CERegisterViewModel.swift in Sources */,
				932E3D5F228D3D1600C1F3A9 /* LoginAndRegisterViewModel.swift in Sources */,
				932E3D5C228D256C00C1F3A9 /* NormalViewController.swift in Sources */,
				932E3D7E228DC94E00C1F3A9 /* NormalModel.swift in Sources */,
				932E3D8D228E9C0000C1F3A9 /* FriendListViewModel.swift in Sources */,
				932E3D93228E9DC000C1F3A9 /* CEFriendListViewModel.swift in Sources */,
				932E3D23228D220700C1F3A9 /* AppDelegate.swift in Sources */,
				932E3D51228D22C600C1F3A9 /* Coordinator.swift in Sources */,
			);
			runOnlyForDeploymentPostprocessing = 0;
		};
		932E3D2F228D220900C1F3A9 /* Sources */ = {
			isa = PBXSourcesBuildPhase;
			buildActionMask = 2147483647;
			files = (
				932E3D38228D220900C1F3A9 /* CoordinatorExampleTests.swift in Sources */,
			);
			runOnlyForDeploymentPostprocessing = 0;
		};
		932E3D3A228D220900C1F3A9 /* Sources */ = {
			isa = PBXSourcesBuildPhase;
			buildActionMask = 2147483647;
			files = (
				932E3D43228D220900C1F3A9 /* CoordinatorExampleUITests.swift in Sources */,
			);
			runOnlyForDeploymentPostprocessing = 0;
		};
/* End PBXSourcesBuildPhase section */

/* Begin PBXTargetDependency section */
		932E3D35228D220900C1F3A9 /* PBXTargetDependency */ = {
			isa = PBXTargetDependency;
			target = 932E3D1E228D220700C1F3A9 /* CoordinatorExample */;
			targetProxy = 932E3D34228D220900C1F3A9 /* PBXContainerItemProxy */;
		};
		932E3D40228D220900C1F3A9 /* PBXTargetDependency */ = {
			isa = PBXTargetDependency;
			target = 932E3D1E228D220700C1F3A9 /* CoordinatorExample */;
			targetProxy = 932E3D3F228D220900C1F3A9 /* PBXContainerItemProxy */;
		};
/* End PBXTargetDependency section */

/* Begin PBXVariantGroup section */
		932E3D26228D220700C1F3A9 /* Main.storyboard */ = {
			isa = PBXVariantGroup;
			children = (
				932E3D27228D220700C1F3A9 /* Base */,
			);
			name = Main.storyboard;
			sourceTree = "<group>";
		};
		932E3D2B228D220900C1F3A9 /* LaunchScreen.storyboard */ = {
			isa = PBXVariantGroup;
			children = (
				932E3D2C228D220900C1F3A9 /* Base */,
			);
			name = LaunchScreen.storyboard;
			sourceTree = "<group>";
		};
/* End PBXVariantGroup section */

/* Begin XCBuildConfiguration section */
		932E3D45228D220900C1F3A9 /* Debug */ = {
			isa = XCBuildConfiguration;
			buildSettings = {
				ALWAYS_SEARCH_USER_PATHS = NO;
				CLANG_ANALYZER_NONNULL = YES;
				CLANG_ANALYZER_NUMBER_OBJECT_CONVERSION = YES_AGGRESSIVE;
				CLANG_CXX_LANGUAGE_STANDARD = "gnu++14";
				CLANG_CXX_LIBRARY = "libc++";
				CLANG_ENABLE_MODULES = YES;
				CLANG_ENABLE_OBJC_ARC = YES;
				CLANG_ENABLE_OBJC_WEAK = YES;
				CLANG_WARN_BLOCK_CAPTURE_AUTORELEASING = YES;
				CLANG_WARN_BOOL_CONVERSION = YES;
				CLANG_WARN_COMMA = YES;
				CLANG_WARN_CONSTANT_CONVERSION = YES;
				CLANG_WARN_DEPRECATED_OBJC_IMPLEMENTATIONS = YES;
				CLANG_WARN_DIRECT_OBJC_ISA_USAGE = YES_ERROR;
				CLANG_WARN_DOCUMENTATION_COMMENTS = YES;
				CLANG_WARN_EMPTY_BODY = YES;
				CLANG_WARN_ENUM_CONVERSION = YES;
				CLANG_WARN_INFINITE_RECURSION = YES;
				CLANG_WARN_INT_CONVERSION = YES;
				CLANG_WARN_NON_LITERAL_NULL_CONVERSION = YES;
				CLANG_WARN_OBJC_IMPLICIT_RETAIN_SELF = YES;
				CLANG_WARN_OBJC_LITERAL_CONVERSION = YES;
				CLANG_WARN_OBJC_ROOT_CLASS = YES_ERROR;
				CLANG_WARN_RANGE_LOOP_ANALYSIS = YES;
				CLANG_WARN_STRICT_PROTOTYPES = YES;
				CLANG_WARN_SUSPICIOUS_MOVE = YES;
				CLANG_WARN_UNGUARDED_AVAILABILITY = YES_AGGRESSIVE;
				CLANG_WARN_UNREACHABLE_CODE = YES;
				CLANG_WARN__DUPLICATE_METHOD_MATCH = YES;
				CODE_SIGN_IDENTITY = "iPhone Developer";
				COPY_PHASE_STRIP = NO;
				DEBUG_INFORMATION_FORMAT = dwarf;
				ENABLE_STRICT_OBJC_MSGSEND = YES;
				ENABLE_TESTABILITY = YES;
				GCC_C_LANGUAGE_STANDARD = gnu11;
				GCC_DYNAMIC_NO_PIC = NO;
				GCC_NO_COMMON_BLOCKS = YES;
				GCC_OPTIMIZATION_LEVEL = 0;
				GCC_PREPROCESSOR_DEFINITIONS = (
					"DEBUG=1",
					"$(inherited)",
				);
				GCC_WARN_64_TO_32_BIT_CONVERSION = YES;
				GCC_WARN_ABOUT_RETURN_TYPE = YES_ERROR;
				GCC_WARN_UNDECLARED_SELECTOR = YES;
				GCC_WARN_UNINITIALIZED_AUTOS = YES_AGGRESSIVE;
				GCC_WARN_UNUSED_FUNCTION = YES;
				GCC_WARN_UNUSED_VARIABLE = YES;
				IPHONEOS_DEPLOYMENT_TARGET = 12.2;
				MTL_ENABLE_DEBUG_INFO = INCLUDE_SOURCE;
				MTL_FAST_MATH = YES;
				ONLY_ACTIVE_ARCH = YES;
				SDKROOT = iphoneos;
				SWIFT_ACTIVE_COMPILATION_CONDITIONS = DEBUG;
				SWIFT_OPTIMIZATION_LEVEL = "-Onone";
			};
			name = Debug;
		};
		932E3D46228D220900C1F3A9 /* Release */ = {
			isa = XCBuildConfiguration;
			buildSettings = {
				ALWAYS_SEARCH_USER_PATHS = NO;
				CLANG_ANALYZER_NONNULL = YES;
				CLANG_ANALYZER_NUMBER_OBJECT_CONVERSION = YES_AGGRESSIVE;
				CLANG_CXX_LANGUAGE_STANDARD = "gnu++14";
				CLANG_CXX_LIBRARY = "libc++";
				CLANG_ENABLE_MODULES = YES;
				CLANG_ENABLE_OBJC_ARC = YES;
				CLANG_ENABLE_OBJC_WEAK = YES;
				CLANG_WARN_BLOCK_CAPTURE_AUTORELEASING = YES;
				CLANG_WARN_BOOL_CONVERSION = YES;
				CLANG_WARN_COMMA = YES;
				CLANG_WARN_CONSTANT_CONVERSION = YES;
				CLANG_WARN_DEPRECATED_OBJC_IMPLEMENTATIONS = YES;
				CLANG_WARN_DIRECT_OBJC_ISA_USAGE = YES_ERROR;
				CLANG_WARN_DOCUMENTATION_COMMENTS = YES;
				CLANG_WARN_EMPTY_BODY = YES;
				CLANG_WARN_ENUM_CONVERSION = YES;
				CLANG_WARN_INFINITE_RECURSION = YES;
				CLANG_WARN_INT_CONVERSION = YES;
				CLANG_WARN_NON_LITERAL_NULL_CONVERSION = YES;
				CLANG_WARN_OBJC_IMPLICIT_RETAIN_SELF = YES;
				CLANG_WARN_OBJC_LITERAL_CONVERSION = YES;
				CLANG_WARN_OBJC_ROOT_CLASS = YES_ERROR;
				CLANG_WARN_RANGE_LOOP_ANALYSIS = YES;
				CLANG_WARN_STRICT_PROTOTYPES = YES;
				CLANG_WARN_SUSPICIOUS_MOVE = YES;
				CLANG_WARN_UNGUARDED_AVAILABILITY = YES_AGGRESSIVE;
				CLANG_WARN_UNREACHABLE_CODE = YES;
				CLANG_WARN__DUPLICATE_METHOD_MATCH = YES;
				CODE_SIGN_IDENTITY = "iPhone Developer";
				COPY_PHASE_STRIP = NO;
				DEBUG_INFORMATION_FORMAT = "dwarf-with-dsym";
				ENABLE_NS_ASSERTIONS = NO;
				ENABLE_STRICT_OBJC_MSGSEND = YES;
				GCC_C_LANGUAGE_STANDARD = gnu11;
				GCC_NO_COMMON_BLOCKS = YES;
				GCC_WARN_64_TO_32_BIT_CONVERSION = YES;
				GCC_WARN_ABOUT_RETURN_TYPE = YES_ERROR;
				GCC_WARN_UNDECLARED_SELECTOR = YES;
				GCC_WARN_UNINITIALIZED_AUTOS = YES_AGGRESSIVE;
				GCC_WARN_UNUSED_FUNCTION = YES;
				GCC_WARN_UNUSED_VARIABLE = YES;
				IPHONEOS_DEPLOYMENT_TARGET = 12.2;
				MTL_ENABLE_DEBUG_INFO = NO;
				MTL_FAST_MATH = YES;
				SDKROOT = iphoneos;
				SWIFT_COMPILATION_MODE = wholemodule;
				SWIFT_OPTIMIZATION_LEVEL = "-O";
				VALIDATE_PRODUCT = YES;
			};
			name = Release;
		};
		932E3D48228D220900C1F3A9 /* Debug */ = {
			isa = XCBuildConfiguration;
			buildSettings = {
				ASSETCATALOG_COMPILER_APPICON_NAME = AppIcon;
				CODE_SIGN_STYLE = Automatic;
				DEVELOPMENT_TEAM = NE9Q8DJEZN;
				INFOPLIST_FILE = CoordinatorExample/Info.plist;
				LD_RUNPATH_SEARCH_PATHS = (
					"$(inherited)",
					"@executable_path/Frameworks",
				);
				PRODUCT_BUNDLE_IDENTIFIER = com.ms.coordinatorExample.CoordinatorExample;
				PRODUCT_NAME = "$(TARGET_NAME)";
				SWIFT_VERSION = 5.0;
				TARGETED_DEVICE_FAMILY = "1,2";
			};
			name = Debug;
		};
		932E3D49228D220900C1F3A9 /* Release */ = {
			isa = XCBuildConfiguration;
			buildSettings = {
				ASSETCATALOG_COMPILER_APPICON_NAME = AppIcon;
				CODE_SIGN_STYLE = Automatic;
				DEVELOPMENT_TEAM = NE9Q8DJEZN;
				INFOPLIST_FILE = CoordinatorExample/Info.plist;
				LD_RUNPATH_SEARCH_PATHS = (
					"$(inherited)",
					"@executable_path/Frameworks",
				);
				PRODUCT_BUNDLE_IDENTIFIER = com.ms.coordinatorExample.CoordinatorExample;
				PRODUCT_NAME = "$(TARGET_NAME)";
				SWIFT_VERSION = 5.0;
				TARGETED_DEVICE_FAMILY = "1,2";
			};
			name = Release;
		};
		932E3D4B228D220900C1F3A9 /* Debug */ = {
			isa = XCBuildConfiguration;
			buildSettings = {
				ALWAYS_EMBED_SWIFT_STANDARD_LIBRARIES = YES;
				BUNDLE_LOADER = "$(TEST_HOST)";
				CODE_SIGN_STYLE = Automatic;
				DEVELOPMENT_TEAM = NE9Q8DJEZN;
				INFOPLIST_FILE = CoordinatorExampleTests/Info.plist;
				LD_RUNPATH_SEARCH_PATHS = (
					"$(inherited)",
					"@executable_path/Frameworks",
					"@loader_path/Frameworks",
				);
				PRODUCT_BUNDLE_IDENTIFIER = com.ms.coordinatorExample.CoordinatorExampleTests;
				PRODUCT_NAME = "$(TARGET_NAME)";
				SWIFT_VERSION = 5.0;
				TARGETED_DEVICE_FAMILY = "1,2";
				TEST_HOST = "$(BUILT_PRODUCTS_DIR)/CoordinatorExample.app/CoordinatorExample";
			};
			name = Debug;
		};
		932E3D4C228D220900C1F3A9 /* Release */ = {
			isa = XCBuildConfiguration;
			buildSettings = {
				ALWAYS_EMBED_SWIFT_STANDARD_LIBRARIES = YES;
				BUNDLE_LOADER = "$(TEST_HOST)";
				CODE_SIGN_STYLE = Automatic;
				DEVELOPMENT_TEAM = NE9Q8DJEZN;
				INFOPLIST_FILE = CoordinatorExampleTests/Info.plist;
				LD_RUNPATH_SEARCH_PATHS = (
					"$(inherited)",
					"@executable_path/Frameworks",
					"@loader_path/Frameworks",
				);
				PRODUCT_BUNDLE_IDENTIFIER = com.ms.coordinatorExample.CoordinatorExampleTests;
				PRODUCT_NAME = "$(TARGET_NAME)";
				SWIFT_VERSION = 5.0;
				TARGETED_DEVICE_FAMILY = "1,2";
				TEST_HOST = "$(BUILT_PRODUCTS_DIR)/CoordinatorExample.app/CoordinatorExample";
			};
			name = Release;
		};
		932E3D4E228D220900C1F3A9 /* Debug */ = {
			isa = XCBuildConfiguration;
			buildSettings = {
				ALWAYS_EMBED_SWIFT_STANDARD_LIBRARIES = YES;
				CODE_SIGN_STYLE = Automatic;
				DEVELOPMENT_TEAM = NE9Q8DJEZN;
				INFOPLIST_FILE = CoordinatorExampleUITests/Info.plist;
				LD_RUNPATH_SEARCH_PATHS = (
					"$(inherited)",
					"@executable_path/Frameworks",
					"@loader_path/Frameworks",
				);
				PRODUCT_BUNDLE_IDENTIFIER = com.ms.coordinatorExample.CoordinatorExampleUITests;
				PRODUCT_NAME = "$(TARGET_NAME)";
				SWIFT_VERSION = 5.0;
				TARGETED_DEVICE_FAMILY = "1,2";
				TEST_TARGET_NAME = CoordinatorExample;
			};
			name = Debug;
		};
		932E3D4F228D220900C1F3A9 /* Release */ = {
			isa = XCBuildConfiguration;
			buildSettings = {
				ALWAYS_EMBED_SWIFT_STANDARD_LIBRARIES = YES;
				CODE_SIGN_STYLE = Automatic;
				DEVELOPMENT_TEAM = NE9Q8DJEZN;
				INFOPLIST_FILE = CoordinatorExampleUITests/Info.plist;
				LD_RUNPATH_SEARCH_PATHS = (
					"$(inherited)",
					"@executable_path/Frameworks",
					"@loader_path/Frameworks",
				);
				PRODUCT_BUNDLE_IDENTIFIER = com.ms.coordinatorExample.CoordinatorExampleUITests;
				PRODUCT_NAME = "$(TARGET_NAME)";
				SWIFT_VERSION = 5.0;
				TARGETED_DEVICE_FAMILY = "1,2";
				TEST_TARGET_NAME = CoordinatorExample;
			};
			name = Release;
		};
/* End XCBuildConfiguration section */

/* Begin XCConfigurationList section */
		932E3D1A228D220700C1F3A9 /* Build configuration list for PBXProject "CoordinatorExample" */ = {
			isa = XCConfigurationList;
			buildConfigurations = (
				932E3D45228D220900C1F3A9 /* Debug */,
				932E3D46228D220900C1F3A9 /* Release */,
			);
			defaultConfigurationIsVisible = 0;
			defaultConfigurationName = Release;
		};
		932E3D47228D220900C1F3A9 /* Build configuration list for PBXNativeTarget "CoordinatorExample" */ = {
			isa = XCConfigurationList;
			buildConfigurations = (
				932E3D48228D220900C1F3A9 /* Debug */,
				932E3D49228D220900C1F3A9 /* Release */,
			);
			defaultConfigurationIsVisible = 0;
			defaultConfigurationName = Release;
		};
		932E3D4A228D220900C1F3A9 /* Build configuration list for PBXNativeTarget "CoordinatorExampleTests" */ = {
			isa = XCConfigurationList;
			buildConfigurations = (
				932E3D4B228D220900C1F3A9 /* Debug */,
				932E3D4C228D220900C1F3A9 /* Release */,
			);
			defaultConfigurationIsVisible = 0;
			defaultConfigurationName = Release;
		};
		932E3D4D228D220900C1F3A9 /* Build configuration list for PBXNativeTarget "CoordinatorExampleUITests" */ = {
			isa = XCConfigurationList;
			buildConfigurations = (
				932E3D4E228D220900C1F3A9 /* Debug */,
				932E3D4F228D220900C1F3A9 /* Release */,
			);
			defaultConfigurationIsVisible = 0;
			defaultConfigurationName = Release;
		};
/* End XCConfigurationList section */
	};
	rootObject = 932E3D17228D220700C1F3A9 /* Project object */;
}
